// !$*UTF8*$!
{
	archiveVersion = 1;
	classes = {
	};
	objectVersion = 46;
	objects = {

/* Begin PBXBuildFile section */
		19DB6B7319A1673E0094A08A /* AppDelegate.swift in Sources */ = {isa = PBXBuildFile; fileRef = 19DB6B7219A1673E0094A08A /* AppDelegate.swift */; };
		19DB6B7519A1673E0094A08A /* ViewController.swift in Sources */ = {isa = PBXBuildFile; fileRef = 19DB6B7419A1673E0094A08A /* ViewController.swift */; };
		19DB6B7819A1673E0094A08A /* Main.storyboard in Resources */ = {isa = PBXBuildFile; fileRef = 19DB6B7619A1673E0094A08A /* Main.storyboard */; };
		19DB6B7A19A1673F0094A08A /* Images.xcassets in Resources */ = {isa = PBXBuildFile; fileRef = 19DB6B7919A1673F0094A08A /* Images.xcassets */; };
		19DB6B8619A167400094A08A /* groupPractice2Tests.swift in Sources */ = {isa = PBXBuildFile; fileRef = 19DB6B8519A167400094A08A /* groupPractice2Tests.swift */; };
		19DB6B9019A168F00094A08A /* Person.swift in Sources */ = {isa = PBXBuildFile; fileRef = 19DB6B8F19A168F00094A08A /* Person.swift */; };
		19DB6B9219A2C46E0094A08A /* DetailViewController.swift in Sources */ = {isa = PBXBuildFile; fileRef = 19DB6B9119A2C46E0094A08A /* DetailViewController.swift */; };
		19DE7FE019A570A300CA66AF /* turtleDefault.jpg in Resources */ = {isa = PBXBuildFile; fileRef = 19DE7FDF19A570A300CA66AF /* turtleDefault.jpg */; };
/* End PBXBuildFile section */

/* Begin PBXContainerItemProxy section */
		19DB6B8019A167400094A08A /* PBXContainerItemProxy */ = {
			isa = PBXContainerItemProxy;
			containerPortal = 19DB6B6519A1673D0094A08A /* Project object */;
			proxyType = 1;
			remoteGlobalIDString = 19DB6B6C19A1673D0094A08A;
			remoteInfo = groupPractice2;
		};
/* End PBXContainerItemProxy section */

/* Begin PBXFileReference section */
		19DB6B6D19A1673E0094A08A /* groupPractice2.app */ = {isa = PBXFileReference; explicitFileType = wrapper.application; includeInIndex = 0; path = groupPractice2.app; sourceTree = BUILT_PRODUCTS_DIR; };
		19DB6B7119A1673E0094A08A /* Info.plist */ = {isa = PBXFileReference; lastKnownFileType = text.plist.xml; path = Info.plist; sourceTree = "<group>"; };
		19DB6B7219A1673E0094A08A /* AppDelegate.swift */ = {isa = PBXFileReference; lastKnownFileType = sourcecode.swift; path = AppDelegate.swift; sourceTree = "<group>"; };
		19DB6B7419A1673E0094A08A /* ViewController.swift */ = {isa = PBXFileReference; lastKnownFileType = sourcecode.swift; path = ViewController.swift; sourceTree = "<group>"; };
		19DB6B7719A1673E0094A08A /* Base */ = {isa = PBXFileReference; lastKnownFileType = file.storyboard; name = Base; path = Base.lproj/Main.storyboard; sourceTree = "<group>"; };
		19DB6B7919A1673F0094A08A /* Images.xcassets */ = {isa = PBXFileReference; lastKnownFileType = folder.assetcatalog; path = Images.xcassets; sourceTree = "<group>"; };
		19DB6B7F19A167400094A08A /* groupPractice2Tests.xctest */ = {isa = PBXFileReference; explicitFileType = wrapper.cfbundle; includeInIndex = 0; path = groupPractice2Tests.xctest; sourceTree = BUILT_PRODUCTS_DIR; };
		19DB6B8419A167400094A08A /* Info.plist */ = {isa = PBXFileReference; lastKnownFileType = text.plist.xml; path = Info.plist; sourceTree = "<group>"; };
		19DB6B8519A167400094A08A /* groupPractice2Tests.swift */ = {isa = PBXFileReference; lastKnownFileType = sourcecode.swift; path = groupPractice2Tests.swift; sourceTree = "<group>"; };
		19DB6B8F19A168F00094A08A /* Person.swift */ = {isa = PBXFileReference; fileEncoding = 4; lastKnownFileType = sourcecode.swift; path = Person.swift; sourceTree = "<group>"; };
		19DB6B9119A2C46E0094A08A /* DetailViewController.swift */ = {isa = PBXFileReference; fileEncoding = 4; lastKnownFileType = sourcecode.swift; path = DetailViewController.swift; sourceTree = "<group>"; };
		19DE7FDF19A570A300CA66AF /* turtleDefault.jpg */ = {isa = PBXFileReference; lastKnownFileType = image.jpeg; path = turtleDefault.jpg; sourceTree = "<group>"; };
/* End PBXFileReference section */

/* Begin PBXFrameworksBuildPhase section */
		19DB6B6A19A1673D0094A08A /* Frameworks */ = {
			isa = PBXFrameworksBuildPhase;
			buildActionMask = 2147483647;
			files = (
			);
			runOnlyForDeploymentPostprocessing = 0;
		};
		19DB6B7C19A167400094A08A /* Frameworks */ = {
			isa = PBXFrameworksBuildPhase;
			buildActionMask = 2147483647;
			files = (
			);
			runOnlyForDeploymentPostprocessing = 0;
		};
/* End PBXFrameworksBuildPhase section */

/* Begin PBXGroup section */
		19DB6B6419A1673D0094A08A = {
			isa = PBXGroup;
			children = (
				19DB6B6F19A1673E0094A08A /* groupPractice2 */,
				19DB6B8219A167400094A08A /* groupPractice2Tests */,
				19DB6B6E19A1673E0094A08A /* Products */,
			);
			sourceTree = "<group>";
		};
		19DB6B6E19A1673E0094A08A /* Products */ = {
			isa = PBXGroup;
			children = (
				19DB6B6D19A1673E0094A08A /* groupPractice2.app */,
				19DB6B7F19A167400094A08A /* groupPractice2Tests.xctest */,
			);
			name = Products;
			sourceTree = "<group>";
		};
		19DB6B6F19A1673E0094A08A /* groupPractice2 */ = {
			isa = PBXGroup;
			children = (
				19DB6B7219A1673E0094A08A /* AppDelegate.swift */,
				19DB6B7419A1673E0094A08A /* ViewController.swift */,
				19DB6B9119A2C46E0094A08A /* DetailViewController.swift */,
				19DB6B8F19A168F00094A08A /* Person.swift */,
				19DB6B7619A1673E0094A08A /* Main.storyboard */,
				19DB6B7919A1673F0094A08A /* Images.xcassets */,
				19DE7FDF19A570A300CA66AF /* turtleDefault.jpg */,
				19DB6B7019A1673E0094A08A /* Supporting Files */,
			);
			path = groupPractice2;
			sourceTree = "<group>";
		};
		19DB6B7019A1673E0094A08A /* Supporting Files */ = {
			isa = PBXGroup;
			children = (
				19DB6B7119A1673E0094A08A /* Info.plist */,
			);
			name = "Supporting Files";
			sourceTree = "<group>";
		};
		19DB6B8219A167400094A08A /* groupPractice2Tests */ = {
			isa = PBXGroup;
			children = (
				19DB6B8519A167400094A08A /* groupPractice2Tests.swift */,
				19DB6B8319A167400094A08A /* Supporting Files */,
			);
			path = groupPractice2Tests;
			sourceTree = "<group>";
		};
		19DB6B8319A167400094A08A /* Supporting Files */ = {
			isa = PBXGroup;
			children = (
				19DB6B8419A167400094A08A /* Info.plist */,
			);
			name = "Supporting Files";
			sourceTree = "<group>";
		};
/* End PBXGroup section */

/* Begin PBXNativeTarget section */
		19DB6B6C19A1673D0094A08A /* groupPractice2 */ = {
			isa = PBXNativeTarget;
			buildConfigurationList = 19DB6B8919A167400094A08A /* Build configuration list for PBXNativeTarget "groupPractice2" */;
			buildPhases = (
				19DB6B6919A1673D0094A08A /* Sources */,
				19DB6B6A19A1673D0094A08A /* Frameworks */,
				19DB6B6B19A1673D0094A08A /* Resources */,
			);
			buildRules = (
			);
			dependencies = (
			);
			name = groupPractice2;
			productName = groupPractice2;
			productReference = 19DB6B6D19A1673E0094A08A /* groupPractice2.app */;
			productType = "com.apple.product-type.application";
		};
		19DB6B7E19A167400094A08A /* groupPractice2Tests */ = {
			isa = PBXNativeTarget;
			buildConfigurationList = 19DB6B8C19A167400094A08A /* Build configuration list for PBXNativeTarget "groupPractice2Tests" */;
			buildPhases = (
				19DB6B7B19A167400094A08A /* Sources */,
				19DB6B7C19A167400094A08A /* Frameworks */,
				19DB6B7D19A167400094A08A /* Resources */,
			);
			buildRules = (
			);
			dependencies = (
				19DB6B8119A167400094A08A /* PBXTargetDependency */,
			);
			name = groupPractice2Tests;
			productName = groupPractice2Tests;
			productReference = 19DB6B7F19A167400094A08A /* groupPractice2Tests.xctest */;
			productType = "com.apple.product-type.bundle.unit-test";
		};
/* End PBXNativeTarget section */

/* Begin PBXProject section */
		19DB6B6519A1673D0094A08A /* Project object */ = {
			isa = PBXProject;
			attributes = {
				LastUpgradeCheck = 0600;
				ORGANIZATIONNAME = "Brian Mendez";
				TargetAttributes = {
					19DB6B6C19A1673D0094A08A = {
						CreatedOnToolsVersion = 6.0;
					};
					19DB6B7E19A167400094A08A = {
						CreatedOnToolsVersion = 6.0;
						TestTargetID = 19DB6B6C19A1673D0094A08A;
					};
				};
			};
			buildConfigurationList = 19DB6B6819A1673D0094A08A /* Build configuration list for PBXProject "groupPractice2" */;
			compatibilityVersion = "Xcode 3.2";
			developmentRegion = English;
			hasScannedForEncodings = 0;
			knownRegions = (
				en,
				Base,
			);
			mainGroup = 19DB6B6419A1673D0094A08A;
			productRefGroup = 19DB6B6E19A1673E0094A08A /* Products */;
			projectDirPath = "";
			projectRoot = "";
			targets = (
				19DB6B6C19A1673D0094A08A /* groupPractice2 */,
				19DB6B7E19A167400094A08A /* groupPractice2Tests */,
			);
		};
/* End PBXProject section */

/* Begin PBXResourcesBuildPhase section */
		19DB6B6B19A1673D0094A08A /* Resources */ = {
			isa = PBXResourcesBuildPhase;
			buildActionMask = 2147483647;
			files = (
				19DB6B7819A1673E0094A08A /* Main.storyboard in Resources */,
				19DB6B7A19A1673F0094A08A /* Images.xcassets in Resources */,
				19DE7FE019A570A300CA66AF /* turtleDefault.jpg in Resources */,
			);
			runOnlyForDeploymentPostprocessing = 0;
		};
		19DB6B7D19A167400094A08A /* Resources */ = {
			isa = PBXResourcesBuildPhase;
			buildActionMask = 2147483647;
			files = (
			);
			runOnlyForDeploymentPostprocessing = 0;
		};
/* End PBXResourcesBuildPhase section */

/* Begin PBXSourcesBuildPhase section */
		19DB6B6919A1673D0094A08A /* Sources */ = {
			isa = PBXSourcesBuildPhase;
			buildActionMask = 2147483647;
			files = (
				19DB6B9019A168F00094A08A /* Person.swift in Sources */,
				19DB6B7519A1673E0094A08A /* ViewController.swift in Sources */,
				19DB6B7319A1673E0094A08A /* AppDelegate.swift in Sources */,
				19DB6B9219A2C46E0094A08A /* DetailViewController.swift in Sources */,
			);
			runOnlyForDeploymentPostprocessing = 0;
		};
		19DB6B7B19A167400094A08A /* Sources */ = {
			isa = PBXSourcesBuildPhase;
			buildActionMask = 2147483647;
			files = (
				19DB6B8619A167400094A08A /* groupPractice2Tests.swift in Sources */,
			);
			runOnlyForDeploymentPostprocessing = 0;
		};
/* End PBXSourcesBuildPhase section */

/* Begin PBXTargetDependency section */
		19DB6B8119A167400094A08A /* PBXTargetDependency */ = {
			isa = PBXTargetDependency;
			target = 19DB6B6C19A1673D0094A08A /* groupPractice2 */;
			targetProxy = 19DB6B8019A167400094A08A /* PBXContainerItemProxy */;
		};
/* End PBXTargetDependency section */

/* Begin PBXVariantGroup section */
		19DB6B7619A1673E0094A08A /* Main.storyboard */ = {
			isa = PBXVariantGroup;
			children = (
				19DB6B7719A1673E0094A08A /* Base */,
			);
			name = Main.storyboard;
			sourceTree = "<group>";
		};
/* End PBXVariantGroup section */

/* Begin XCBuildConfiguration section */
		19DB6B8719A167400094A08A /* Debug */ = {
			isa = XCBuildConfiguration;
			buildSettings = {
				ALWAYS_SEARCH_USER_PATHS = NO;
				CLANG_CXX_LANGUAGE_STANDARD = "gnu++0x";
				CLANG_CXX_LIBRARY = "libc++";
				CLANG_ENABLE_MODULES = YES;
				CLANG_ENABLE_OBJC_ARC = YES;
				CLANG_WARN_BOOL_CONVERSION = YES;
				CLANG_WARN_CONSTANT_CONVERSION = YES;
				CLANG_WARN_DIRECT_OBJC_ISA_USAGE = YES_ERROR;
				CLANG_WARN_EMPTY_BODY = YES;
				CLANG_WARN_ENUM_CONVERSION = YES;
				CLANG_WARN_INT_CONVERSION = YES;
				CLANG_WARN_OBJC_ROOT_CLASS = YES_ERROR;
				CLANG_WARN_UNREACHABLE_CODE = YES;
				CLANG_WARN__DUPLICATE_METHOD_MATCH = YES;
				"CODE_SIGN_IDENTITY[sdk=iphoneos*]" = "iPhone Developer";
				COPY_PHASE_STRIP = NO;
				ENABLE_STRICT_OBJC_MSGSEND = YES;
				GCC_C_LANGUAGE_STANDARD = gnu99;
				GCC_DYNAMIC_NO_PIC = NO;
				GCC_OPTIMIZATION_LEVEL = 0;
				GCC_PREPROCESSOR_DEFINITIONS = (
					"DEBUG=1",
					"$(inherited)",
				);
				GCC_SYMBOLS_PRIVATE_EXTERN = NO;
				GCC_WARN_64_TO_32_BIT_CONVERSION = YES;
				GCC_WARN_ABOUT_RETURN_TYPE = YES_ERROR;
				GCC_WARN_UNDECLARED_SELECTOR = YES;
				GCC_WARN_UNINITIALIZED_AUTOS = YES_AGGRESSIVE;
				GCC_WARN_UNUSED_FUNCTION = YES;
				GCC_WARN_UNUSED_VARIABLE = YES;
				IPHONEOS_DEPLOYMENT_TARGET = 8.0;
				MTL_ENABLE_DEBUG_INFO = YES;
				ONLY_ACTIVE_ARCH = YES;
				SDKROOT = iphoneos;
				SWIFT_OPTIMIZATION_LEVEL = "-Onone";
			};
			name = Debug;
		};
		19DB6B8819A167400094A08A /* Release */ = {
			isa = XCBuildConfiguration;
			buildSettings = {
				ALWAYS_SEARCH_USER_PATHS = NO;
				CLANG_CXX_LANGUAGE_STANDARD = "gnu++0x";
				CLANG_CXX_LIBRARY = "libc++";
				CLANG_ENABLE_MODULES = YES;
				CLANG_ENABLE_OBJC_ARC = YES;
				CLANG_WARN_BOOL_CONVERSION = YES;
				CLANG_WARN_CONSTANT_CONVERSION = YES;
				CLANG_WARN_DIRECT_OBJC_ISA_USAGE = YES_ERROR;
				CLANG_WARN_EMPTY_BODY = YES;
				CLANG_WARN_ENUM_CONVERSION = YES;
				CLANG_WARN_INT_CONVERSION = YES;
				CLANG_WARN_OBJC_ROOT_CLASS = YES_ERROR;
				CLANG_WARN_UNREACHABLE_CODE = YES;
				CLANG_WARN__DUPLICATE_METHOD_MATCH = YES;
				"CODE_SIGN_IDENTITY[sdk=iphoneos*]" = "iPhone Developer";
				COPY_PHASE_STRIP = YES;
				ENABLE_NS_ASSERTIONS = NO;
				ENABLE_STRICT_OBJC_MSGSEND = YES;
				GCC_C_LANGUAGE_STANDARD = gnu99;
				GCC_WARN_64_TO_32_BIT_CONVERSION = YES;
				GCC_WARN_ABOUT_RETURN_TYPE = YES_ERROR;
				GCC_WARN_UNDECLARED_SELECTOR = YES;
				GCC_WARN_UNINITIALIZED_AUTOS = YES_AGGRESSIVE;
				GCC_WARN_UNUSED_FUNCTION = YES;
				GCC_WARN_UNUSED_VARIABLE = YES;
				IPHONEOS_DEPLOYMENT_TARGET = 8.0;
				MTL_ENABLE_DEBUG_INFO = NO;
				SDKROOT = iphoneos;
				VALIDATE_PRODUCT = YES;
			};
			name = Release;
		};
		19DB6B8A19A167400094A08A /* Debug */ = {
			isa = XCBuildConfiguration;
			buildSettings = {
				ASSETCATALOG_COMPILER_APPICON_NAME = AppIcon;
				ASSETCATALOG_COMPILER_LAUNCHIMAGE_NAME = LaunchImage;
				INFOPLIST_FILE = groupPractice2/Info.plist;
				LD_RUNPATH_SEARCH_PATHS = "$(inherited) @executable_path/Frameworks";
				PRODUCT_NAME = "$(TARGET_NAME)";
			};
			name = Debug;
		};
		19DB6B8B19A167400094A08A /* Release */ = {
			isa = XCBuildConfiguration;
			buildSettings = {
				ASSETCATALOG_COMPILER_APPICON_NAME = AppIcon;
				ASSETCATALOG_COMPILER_LAUNCHIMAGE_NAME = LaunchImage;
				INFOPLIST_FILE = groupPractice2/Info.plist;
				LD_RUNPATH_SEARCH_PATHS = "$(inherited) @executable_path/Frameworks";
				PRODUCT_NAME = "$(TARGET_NAME)";
			};
			name = Release;
		};
		19DB6B8D19A167400094A08A /* Debug */ = {
			isa = XCBuildConfiguration;
			buildSettings = {
				BUNDLE_LOADER = "$(TEST_HOST)";
				FRAMEWORK_SEARCH_PATHS = (
					"$(SDKROOT)/Developer/Library/Frameworks",
					"$(inherited)",
				);
				GCC_PREPROCESSOR_DEFINITIONS = (
					"DEBUG=1",
					"$(inherited)",
				);
				INFOPLIST_FILE = groupPractice2Tests/Info.plist;
				LD_RUNPATH_SEARCH_PATHS = "$(inherited) @executable_path/Frameworks @loader_path/Frameworks";
				PRODUCT_NAME = "$(TARGET_NAME)";
				TEST_HOST = "$(BUILT_PRODUCTS_DIR)/groupPractice2.app/groupPractice2";
			};
			name = Debug;
		};
		19DB6B8E19A167400094A08A /* Release */ = {
			isa = XCBuildConfiguration;
			buildSettings = {
				BUNDLE_LOADER = "$(TEST_HOST)";
				FRAMEWORK_SEARCH_PATHS = (
					"$(SDKROOT)/Developer/Library/Frameworks",
					"$(inherited)",
				);
				INFOPLIST_FILE = groupPractice2Tests/Info.plist;
				LD_RUNPATH_SEARCH_PATHS = "$(inherited) @executable_path/Frameworks @loader_path/Frameworks";
				PRODUCT_NAME = "$(TARGET_NAME)";
				TEST_HOST = "$(BUILT_PRODUCTS_DIR)/groupPractice2.app/groupPractice2";
			};
			name = Release;
		};
/* End XCBuildConfiguration section */

/* Begin XCConfigurationList section */
		19DB6B6819A1673D0094A08A /* Build configuration list for PBXProject "groupPractice2" */ = {
			isa = XCConfigurationList;
			buildConfigurations = (
				19DB6B8719A167400094A08A /* Debug */,
				19DB6B8819A167400094A08A /* Release */,
			);
			defaultConfigurationIsVisible = 0;
			defaultConfigurationName = Release;
		};
		19DB6B8919A167400094A08A /* Build configuration list for PBXNativeTarget "groupPractice2" */ = {
			isa = XCConfigurationList;
			buildConfigurations = (
				19DB6B8A19A167400094A08A /* Debug */,
				19DB6B8B19A167400094A08A /* Release */,
			);
			defaultConfigurationIsVisible = 0;
			defaultConfigurationName = Release;
		};
		19DB6B8C19A167400094A08A /* Build configuration list for PBXNativeTarget "groupPractice2Tests" */ = {
			isa = XCConfigurationList;
			buildConfigurations = (
				19DB6B8D19A167400094A08A /* Debug */,
				19DB6B8E19A167400094A08A /* Release */,
			);
			defaultConfigurationIsVisible = 0;
			defaultConfigurationName = Release;
		};
/* End XCConfigurationList section */
	};
	rootObject = 19DB6B6519A1673D0094A08A /* Project object */;
}
